
Microsoft Visual Studio Solution File, Format Version 12.00
# Visual Studio Version 16
VisualStudioVersion = 16.0.32228.343
MinimumVisualStudioVersion = 10.0.40219.1
Project("{FAE04EC0-301F-11D3-BF4B-00C04F79EFBC}") = "KiemTra2", "TaDangAnhDuong_2119110313\KiemTra2.csproj", "{42B6892F-3BB1-4361-9F27-E6900F29A079}"
EndProject
Global
	GlobalSection(SolutionConfigurationPlatforms) = preSolution
		Debug|Any CPU = Debug|Any CPU
		Release|Any CPU = Release|Any CPU
	EndGlobalSection
	GlobalSection(ProjectConfigurationPlatforms) = postSolution
		{42B6892F-3BB1-4361-9F27-E6900F29A079}.Debug|Any CPU.ActiveCfg = Debug|Any CPU
		{42B6892F-3BB1-4361-9F27-E6900F29A079}.Debug|Any CPU.Build.0 = Debug|Any CPU
		{42B6892F-3BB1-4361-9F27-E6900F29A079}.Release|Any CPU.ActiveCfg = Release|Any CPU
		{42B6892F-3BB1-4361-9F27-E6900F29A079}.Release|Any CPU.Build.0 = Release|Any CPU
	EndGlobalSection
	GlobalSection(SolutionProperties) = preSolution
		HideSolutionNode = FALSE
	EndGlobalSection
	GlobalSection(ExtensibilityGlobals) = postSolution
		SolutionGuid = {9BEA2E7A-0CCF-46DE-825D-B0E8FED65340}
	EndGlobalSection
EndGlobal
